Microsoft Visual Studio Solution File, Format Version 8.00
Project("{8BC9CEB8-8B4A-11D0-8D11-00A0C91BC942}") = "SMEyeApp", "SMEyeApp.vcproj", "{0A08315B-7192-4B8A-B809-9AFBC12063A9}"
	ProjectSection(ProjectDependencies) = postProject
	EndProjectSection
EndProject
Global
	GlobalSection(SolutionConfiguration) = preSolution
		Debug = Debug
		Release = Release
	EndGlobalSection
	GlobalSection(ProjectConfiguration) = postSolution
		{0A08315B-7192-4B8A-B809-9AFBC12063A9}.Debug.ActiveCfg = Debug|Win32
		{0A08315B-7192-4B8A-B809-9AFBC12063A9}.Debug.Build.0 = Debug|Win32
		{0A08315B-7192-4B8A-B809-9AFBC12063A9}.Release.ActiveCfg = Release|Win32
		{0A08315B-7192-4B8A-B809-9AFBC12063A9}.Release.Build.0 = Release|Win32
	EndGlobalSection
	GlobalSection(SolutionItems) = postSolution
		PbmQue.cpp = PbmQue.cpp
		PbmQue.h = PbmQue.h
	EndGlobalSection
	GlobalSection(ExtensibilityGlobals) = postSolution
	EndGlobalSection
	GlobalSection(ExtensibilityAddIns) = postSolution
	EndGlobalSection
EndGlobal
