<?xml version="1.0" encoding="utf-8"?>
<Project ToolsVersion="4.0" xmlns="http://schemas.microsoft.com/developer/msbuild/2003">
  <ItemGroup>
    <Filter Include="소스 파일">
      <UniqueIdentifier>{4FC737F1-C7A5-4376-A066-2A32D752A2FF}</UniqueIdentifier>
      <Extensions>cpp;c;cxx;def;odl;idl;hpj;bat;asm;asmx</Extensions>
    </Filter>
    <Filter Include="헤더 파일">
      <UniqueIdentifier>{93995380-89BD-4b04-88EB-625FBE52EBFB}</UniqueIdentifier>
      <Extensions>h;hpp;hxx;hm;inl;inc;xsd</Extensions>
    </Filter>
    <Filter Include="리소스 파일">
      <UniqueIdentifier>{67DA6AB6-F800-4c08-8B7A-83BB121AAD01}</UniqueIdentifier>
      <Extensions>rc;ico;cur;bmp;dlg;rc2;rct;bin;rgs;gif;jpg;jpeg;jpe;resx</Extensions>
    </Filter>
  </ItemGroup>
  <ItemGroup>
    <ClCompile Include="1298Que.cpp">
      <Filter>소스 파일</Filter>
    </ClCompile>
    <ClCompile Include="tchart\adxfunction.cpp">
      <Filter>소스 파일</Filter>
    </ClCompile>
    <ClCompile Include="AnalyzeBase.cpp">
      <Filter>소스 파일</Filter>
    </ClCompile>
    <ClCompile Include="AnalyzeCaloric.cpp">
      <Filter>소스 파일</Filter>
    </ClCompile>
    <ClCompile Include="AnalyzeHeadThrust.cpp">
      <Filter>소스 파일</Filter>
    </ClCompile>
    <ClCompile Include="AnalyzeNystagmus.cpp">
      <Filter>소스 파일</Filter>
    </ClCompile>
    <ClCompile Include="AnalyzeNystagmus2.cpp">
      <Filter>소스 파일</Filter>
    </ClCompile>
    <ClCompile Include="AnalyzePursuit.cpp">
      <Filter>소스 파일</Filter>
    </ClCompile>
    <ClCompile Include="AnalyzeSaccade.cpp">
      <Filter>소스 파일</Filter>
    </ClCompile>
    <ClCompile Include="tchart\annotationtool.cpp">
      <Filter>소스 파일</Filter>
    </ClCompile>
    <ClCompile Include="tchart\aspect.cpp">
      <Filter>소스 파일</Filter>
    </ClCompile>
    <ClCompile Include="AVIGenerator.cpp">
      <Filter>소스 파일</Filter>
    </ClCompile>
    <ClCompile Include="AviLoader.cpp">
      <Filter>소스 파일</Filter>
    </ClCompile>
    <ClCompile Include="AviLoaderManager.cpp">
      <Filter>소스 파일</Filter>
    </ClCompile>
    <ClCompile Include="tchart\axes.cpp">
      <Filter>소스 파일</Filter>
    </ClCompile>
    <ClCompile Include="tchart\axis.cpp">
      <Filter>소스 파일</Filter>
    </ClCompile>
    <ClCompile Include="tchart\axislabels.cpp">
      <Filter>소스 파일</Filter>
    </ClCompile>
    <ClCompile Include="tchart\axistitle.cpp">
      <Filter>소스 파일</Filter>
    </ClCompile>
    <ClCompile Include="tchart\bmpexport.cpp">
      <Filter>소스 파일</Filter>
    </ClCompile>
    <ClCompile Include="ReportGenerator\BorderLine.cpp">
      <Filter>소스 파일</Filter>
    </ClCompile>
    <ClCompile Include="tchart\brush.cpp">
      <Filter>소스 파일</Filter>
    </ClCompile>
    <ClCompile Include="Calibration.cpp">
      <Filter>소스 파일</Filter>
    </ClCompile>
    <ClCompile Include="tchart\chartaxispen.cpp">
      <Filter>소스 파일</Filter>
    </ClCompile>
    <ClCompile Include="tchart\chartfont.cpp">
      <Filter>소스 파일</Filter>
    </ClCompile>
    <ClCompile Include="tchart\colorbandtool.cpp">
      <Filter>소스 파일</Filter>
    </ClCompile>
    <ClCompile Include="tchart\colorlinetool.cpp">
      <Filter>소스 파일</Filter>
    </ClCompile>
    <ClCompile Include="ReportGenerator\Column.cpp">
      <Filter>소스 파일</Filter>
    </ClCompile>
    <ClCompile Include="CommDrive.cpp">
      <Filter>소스 파일</Filter>
    </ClCompile>
    <ClCompile Include="CommEOG.cpp">
      <Filter>소스 파일</Filter>
    </ClCompile>
    <ClCompile Include="CommLED.cpp">
      <Filter>소스 파일</Filter>
    </ClCompile>
    <ClCompile Include="corwlUtil.cpp">
      <Filter>소스 파일</Filter>
    </ClCompile>
    <ClCompile Include="tchart\cursortool.cpp">
      <Filter>소스 파일</Filter>
    </ClCompile>
    <ClCompile Include="DlgAnalCalibration.cpp">
      <Filter>소스 파일</Filter>
    </ClCompile>
    <ClCompile Include="DlgAnalNystag.cpp">
      <Filter>소스 파일</Filter>
    </ClCompile>
    <ClCompile Include="DlgAnalSaccade.cpp">
      <Filter>소스 파일</Filter>
    </ClCompile>
    <ClCompile Include="DlgAnalyzeBase.cpp">
      <Filter>소스 파일</Filter>
    </ClCompile>
    <ClCompile Include="DlgAnalyzeCaloric.cpp">
      <Filter>소스 파일</Filter>
    </ClCompile>
    <ClCompile Include="DlgAnalyzeHeadThrust.cpp">
      <Filter>소스 파일</Filter>
    </ClCompile>
    <ClCompile Include="DlgAnalyzePursuit.cpp">
      <Filter>소스 파일</Filter>
    </ClCompile>
    <ClCompile Include="DlgAppOption.cpp">
      <Filter>소스 파일</Filter>
    </ClCompile>
    <ClCompile Include="DlgCustomCalibrationSetting.cpp">
      <Filter>소스 파일</Filter>
    </ClCompile>
    <ClCompile Include="DlgEnterName.cpp">
      <Filter>소스 파일</Filter>
    </ClCompile>
    <ClCompile Include="DlgMakeTChartImage.cpp">
      <Filter>소스 파일</Filter>
    </ClCompile>
    <ClCompile Include="DlgOptionHeadThrust.cpp">
      <Filter>소스 파일</Filter>
    </ClCompile>
    <ClCompile Include="DlgPrintSetup.cpp">
      <Filter>소스 파일</Filter>
    </ClCompile>
    <ClCompile Include="DlgResultList.cpp">
      <Filter>소스 파일</Filter>
    </ClCompile>
    <ClCompile Include="DlgSelectSpontaneous.cpp">
      <Filter>소스 파일</Filter>
    </ClCompile>
    <ClCompile Include="DlgSubjectInfo.cpp">
      <Filter>소스 파일</Filter>
    </ClCompile>
    <ClCompile Include="DlgTestOption.cpp">
      <Filter>소스 파일</Filter>
    </ClCompile>
    <ClCompile Include="ReportGenerator\DrawBox.cpp">
      <Filter>소스 파일</Filter>
    </ClCompile>
    <ClCompile Include="ReportGenerator\DrawEllipse.cpp">
      <Filter>소스 파일</Filter>
    </ClCompile>
    <ClCompile Include="ReportGenerator\DrawField.cpp">
      <Filter>소스 파일</Filter>
    </ClCompile>
    <ClCompile Include="ReportGenerator\DrawGrid.cpp">
      <Filter>소스 파일</Filter>
    </ClCompile>
    <ClCompile Include="ReportGenerator\DrawLabel.cpp">
      <Filter>소스 파일</Filter>
    </ClCompile>
    <ClCompile Include="ReportGenerator\DrawLine.cpp">
      <Filter>소스 파일</Filter>
    </ClCompile>
    <ClCompile Include="ReportGenerator\DrawObject.cpp">
      <Filter>소스 파일</Filter>
    </ClCompile>
    <ClCompile Include="ReportGenerator\DrawPicture.cpp">
      <Filter>소스 파일</Filter>
    </ClCompile>
    <ClCompile Include="EA_AnalzeManager.cpp">
      <Filter>소스 파일</Filter>
    </ClCompile>
    <ClCompile Include="EA_Nystagmus.cpp">
      <Filter>소스 파일</Filter>
    </ClCompile>
    <ClCompile Include="ED_AppOption.cpp">
      <Filter>소스 파일</Filter>
    </ClCompile>
    <ClCompile Include="ED_EyeInfo.cpp">
      <Filter>소스 파일</Filter>
    </ClCompile>
    <ClCompile Include="ED_PatientInfo.cpp">
      <Filter>소스 파일</Filter>
    </ClCompile>
    <ClCompile Include="ED_rptMaker.cpp">
      <Filter>소스 파일</Filter>
    </ClCompile>
    <ClCompile Include="ED_TestDataAcc.cpp">
      <Filter>소스 파일</Filter>
    </ClCompile>
    <ClCompile Include="ED_TestDataBinocular.cpp">
      <Filter>소스 파일</Filter>
    </ClCompile>
    <ClCompile Include="ED_TestDataMonocular.cpp">
      <Filter>소스 파일</Filter>
    </ClCompile>
    <ClCompile Include="ED_TestInfo.cpp">
      <Filter>소스 파일</Filter>
    </ClCompile>
    <ClCompile Include="ED_TestProtocole.cpp">
      <Filter>소스 파일</Filter>
    </ClCompile>
    <ClCompile Include="ED_TreeSearch.cpp">
      <Filter>소스 파일</Filter>
    </ClCompile>
    <ClCompile Include="EnumerateSerial.cpp">
      <Filter>소스 파일</Filter>
    </ClCompile>
    <ClCompile Include="EU_QueEyeInfos.cpp">
      <Filter>소스 파일</Filter>
    </ClCompile>
    <ClCompile Include="EU_TestFile.cpp">
      <Filter>소스 파일</Filter>
    </ClCompile>
    <ClCompile Include="EU_TestFileV2.cpp">
      <Filter>소스 파일</Filter>
    </ClCompile>
    <ClCompile Include="tchart\export.cpp">
      <Filter>소스 파일</Filter>
    </ClCompile>
    <ClCompile Include="tchart\fastlineseries.cpp">
      <Filter>소스 파일</Filter>
    </ClCompile>
    <ClCompile Include="ReportGenerator\FieldFactory.cpp">
      <Filter>소스 파일</Filter>
    </ClCompile>
    <ClCompile Include="ListCtrlEx\HeaderCtrlEx.cpp">
      <Filter>소스 파일</Filter>
    </ClCompile>
    <ClCompile Include="ImageDisplay.cpp">
      <Filter>소스 파일</Filter>
    </ClCompile>
    <ClCompile Include="tchart\legend.cpp">
      <Filter>소스 파일</Filter>
    </ClCompile>
    <ClCompile Include="tchart\legenditem.cpp">
      <Filter>소스 파일</Filter>
    </ClCompile>
    <ClCompile Include="tchart\legenditems.cpp">
      <Filter>소스 파일</Filter>
    </ClCompile>
    <ClCompile Include="tchart\lineseries.cpp">
      <Filter>소스 파일</Filter>
    </ClCompile>
    <ClCompile Include="ListCtrlEx\ListCtrlEx.cpp">
      <Filter>소스 파일</Filter>
    </ClCompile>
    <ClCompile Include="tchart\marks.cpp">
      <Filter>소스 파일</Filter>
    </ClCompile>
    <ClCompile Include="tchart\nearesttool.cpp">
      <Filter>소스 파일</Filter>
    </ClCompile>
    <ClCompile Include="tchart\panel.cpp">
      <Filter>소스 파일</Filter>
    </ClCompile>
    <ClCompile Include="PbmQue.cpp">
      <Filter>소스 파일</Filter>
    </ClCompile>
    <ClCompile Include="tchart\pen.cpp">
      <Filter>소스 파일</Filter>
    </ClCompile>
    <ClCompile Include="tchart\pointer.cpp">
      <Filter>소스 파일</Filter>
    </ClCompile>
    <ClCompile Include="tchart\pointseries.cpp">
      <Filter>소스 파일</Filter>
    </ClCompile>
    <ClCompile Include="PTCamera.cpp">
      <Filter>소스 파일</Filter>
    </ClCompile>
    <ClCompile Include="tchart\rectangletool.cpp">
      <Filter>소스 파일</Filter>
    </ClCompile>
    <ClCompile Include="tchart\renkoseries.cpp">
      <Filter>소스 파일</Filter>
    </ClCompile>
    <ClCompile Include="ReportGenerator\ReportGenerator.cpp">
      <Filter>소스 파일</Filter>
    </ClCompile>
    <ClCompile Include="tchart\scroll.cpp">
      <Filter>소스 파일</Filter>
    </ClCompile>
    <ClCompile Include="tchart\series.cpp">
      <Filter>소스 파일</Filter>
    </ClCompile>
    <ClCompile Include="tchart\shapeseries.cpp">
      <Filter>소스 파일</Filter>
    </ClCompile>
    <ClCompile Include="SMEyeApp.cpp">
      <Filter>소스 파일</Filter>
    </ClCompile>
    <ClCompile Include="SMEyeAppDlg.cpp">
      <Filter>소스 파일</Filter>
    </ClCompile>
    <ClCompile Include="stdafx.cpp">
      <Filter>소스 파일</Filter>
    </ClCompile>
    <ClCompile Include="StereoCam.cpp">
      <Filter>소스 파일</Filter>
    </ClCompile>
    <ClCompile Include="ReportGenerator\StringHelpers.cpp">
      <Filter>소스 파일</Filter>
    </ClCompile>
    <ClCompile Include="tchart\strings.cpp">
      <Filter>소스 파일</Filter>
    </ClCompile>
    <ClCompile Include="tchart\tchart.cpp">
      <Filter>소스 파일</Filter>
    </ClCompile>
    <ClCompile Include="tchart_horizontal.cpp">
      <Filter>소스 파일</Filter>
    </ClCompile>
    <ClCompile Include="tchart\teefont.cpp">
      <Filter>소스 파일</Filter>
    </ClCompile>
    <ClCompile Include="tchart\teepoint2d.cpp">
      <Filter>소스 파일</Filter>
    </ClCompile>
    <ClCompile Include="tchart\teeshadow.cpp">
      <Filter>소스 파일</Filter>
    </ClCompile>
    <ClCompile Include="tchart\teeshapepanel.cpp">
      <Filter>소스 파일</Filter>
    </ClCompile>
    <ClCompile Include="ReportGenerator\TextFile\TextFile.cpp">
      <Filter>소스 파일</Filter>
    </ClCompile>
    <ClCompile Include="tinyXML\tinystr.cpp">
      <Filter>소스 파일</Filter>
    </ClCompile>
    <ClCompile Include="tinyXML\tinyxml.cpp">
      <Filter>소스 파일</Filter>
    </ClCompile>
    <ClCompile Include="tinyXML\tinyxmlerror.cpp">
      <Filter>소스 파일</Filter>
    </ClCompile>
    <ClCompile Include="tinyXML\tinyxmlparser.cpp">
      <Filter>소스 파일</Filter>
    </ClCompile>
    <ClCompile Include="tchart\titles.cpp">
      <Filter>소스 파일</Filter>
    </ClCompile>
    <ClCompile Include="ReportGenerator\Tokenizer.cpp">
      <Filter>소스 파일</Filter>
    </ClCompile>
    <ClCompile Include="tchart\toollist.cpp">
      <Filter>소스 파일</Filter>
    </ClCompile>
    <ClCompile Include="tchart\tools.cpp">
      <Filter>소스 파일</Filter>
    </ClCompile>
    <ClCompile Include="TreeCtrlXML.cpp">
      <Filter>소스 파일</Filter>
    </ClCompile>
    <ClCompile Include="ReportGenerator\UnitConversion.cpp">
      <Filter>소스 파일</Filter>
    </ClCompile>
    <ClCompile Include="tchart\valuelist.cpp">
      <Filter>소스 파일</Filter>
    </ClCompile>
    <ClCompile Include="tchart\valuelists.cpp">
      <Filter>소스 파일</Filter>
    </ClCompile>
    <ClCompile Include="tchart\zoom.cpp">
      <Filter>소스 파일</Filter>
    </ClCompile>
  </ItemGroup>
  <ItemGroup>
    <ClInclude Include="1298Que.h">
      <Filter>헤더 파일</Filter>
    </ClInclude>
    <ClInclude Include="AnalyzeBase.h">
      <Filter>헤더 파일</Filter>
    </ClInclude>
    <ClInclude Include="AnalyzeCaloric.h">
      <Filter>헤더 파일</Filter>
    </ClInclude>
    <ClInclude Include="AnalyzeHeadThrust.h">
      <Filter>헤더 파일</Filter>
    </ClInclude>
    <ClInclude Include="AnalyzeNystagmus.h">
      <Filter>헤더 파일</Filter>
    </ClInclude>
    <ClInclude Include="AnalyzeNystagmus2.h">
      <Filter>헤더 파일</Filter>
    </ClInclude>
    <ClInclude Include="AnalyzePursuit.h">
      <Filter>헤더 파일</Filter>
    </ClInclude>
    <ClInclude Include="AnalyzeSaccade.h">
      <Filter>헤더 파일</Filter>
    </ClInclude>
    <ClInclude Include="tchart\annotationtool.h">
      <Filter>헤더 파일</Filter>
    </ClInclude>
    <ClInclude Include="tchart\aspect.h">
      <Filter>헤더 파일</Filter>
    </ClInclude>
    <ClInclude Include="AVIGenerator.h">
      <Filter>헤더 파일</Filter>
    </ClInclude>
    <ClInclude Include="AviLoader.h">
      <Filter>헤더 파일</Filter>
    </ClInclude>
    <ClInclude Include="AviLoaderManager.h">
      <Filter>헤더 파일</Filter>
    </ClInclude>
    <ClInclude Include="tchart\axes.h">
      <Filter>헤더 파일</Filter>
    </ClInclude>
    <ClInclude Include="tchart\axis.h">
      <Filter>헤더 파일</Filter>
    </ClInclude>
    <ClInclude Include="tchart\axislabels.h">
      <Filter>헤더 파일</Filter>
    </ClInclude>
    <ClInclude Include="tchart\axistitle.h">
      <Filter>헤더 파일</Filter>
    </ClInclude>
    <ClInclude Include="tchart\bmpexport.h">
      <Filter>헤더 파일</Filter>
    </ClInclude>
    <ClInclude Include="ReportGenerator\BorderLine.h">
      <Filter>헤더 파일</Filter>
    </ClInclude>
    <ClInclude Include="tchart\brush.h">
      <Filter>헤더 파일</Filter>
    </ClInclude>
    <ClInclude Include="Calibration.h">
      <Filter>헤더 파일</Filter>
    </ClInclude>
    <ClInclude Include="tchart\chartaxispen.h">
      <Filter>헤더 파일</Filter>
    </ClInclude>
    <ClInclude Include="tchart\chartfont.h">
      <Filter>헤더 파일</Filter>
    </ClInclude>
    <ClInclude Include="tchart\colorbandtool.h">
      <Filter>헤더 파일</Filter>
    </ClInclude>
    <ClInclude Include="tchart\colorlinetool.h">
      <Filter>헤더 파일</Filter>
    </ClInclude>
    <ClInclude Include="ReportGenerator\Column.h">
      <Filter>헤더 파일</Filter>
    </ClInclude>
    <ClInclude Include="CommDrive.h">
      <Filter>헤더 파일</Filter>
    </ClInclude>
    <ClInclude Include="CommEOG.h">
      <Filter>헤더 파일</Filter>
    </ClInclude>
    <ClInclude Include="CommLED.h">
      <Filter>헤더 파일</Filter>
    </ClInclude>
    <ClInclude Include="ReportGenerator\Container.h">
      <Filter>헤더 파일</Filter>
    </ClInclude>
    <ClInclude Include="ReportGenerator\ContainerArray.h">
      <Filter>헤더 파일</Filter>
    </ClInclude>
    <ClInclude Include="corwlDefines.h">
      <Filter>헤더 파일</Filter>
    </ClInclude>
    <ClInclude Include="corwlUtil.h">
      <Filter>헤더 파일</Filter>
    </ClInclude>
    <ClInclude Include="tchart\cursortool.h">
      <Filter>헤더 파일</Filter>
    </ClInclude>
    <ClInclude Include="DlgAnalCalibration.h">
      <Filter>헤더 파일</Filter>
    </ClInclude>
    <ClInclude Include="DlgAnalNystag.h">
      <Filter>헤더 파일</Filter>
    </ClInclude>
    <ClInclude Include="DlgAnalSaccade.h">
      <Filter>헤더 파일</Filter>
    </ClInclude>
    <ClInclude Include="DlgAnalyzeBase.h">
      <Filter>헤더 파일</Filter>
    </ClInclude>
    <ClInclude Include="DlgAnalyzeCaloric.h">
      <Filter>헤더 파일</Filter>
    </ClInclude>
    <ClInclude Include="DlgAnalyzeHeadThrust.h">
      <Filter>헤더 파일</Filter>
    </ClInclude>
    <ClInclude Include="DlgAnalyzePursuit.h">
      <Filter>헤더 파일</Filter>
    </ClInclude>
    <ClInclude Include="DlgAppOption.h">
      <Filter>헤더 파일</Filter>
    </ClInclude>
    <ClInclude Include="DlgCustomCalibrationSetting.h">
      <Filter>헤더 파일</Filter>
    </ClInclude>
    <ClInclude Include="DlgEnterName.h">
      <Filter>헤더 파일</Filter>
    </ClInclude>
    <ClInclude Include="DlgMakeTChartImage.h">
      <Filter>헤더 파일</Filter>
    </ClInclude>
    <ClInclude Include="DlgOptionHeadThrust.h">
      <Filter>헤더 파일</Filter>
    </ClInclude>
    <ClInclude Include="DlgPrintSetup.h">
      <Filter>헤더 파일</Filter>
    </ClInclude>
    <ClInclude Include="DlgResultList.h">
      <Filter>헤더 파일</Filter>
    </ClInclude>
    <ClInclude Include="DlgSelectSpontaneous.h">
      <Filter>헤더 파일</Filter>
    </ClInclude>
    <ClInclude Include="DlgSubjectInfo.h">
      <Filter>헤더 파일</Filter>
    </ClInclude>
    <ClInclude Include="DlgTestOption.h">
      <Filter>헤더 파일</Filter>
    </ClInclude>
    <ClInclude Include="ReportGenerator\DoublePoint.h">
      <Filter>헤더 파일</Filter>
    </ClInclude>
    <ClInclude Include="ReportGenerator\DoubleRect.h">
      <Filter>헤더 파일</Filter>
    </ClInclude>
    <ClInclude Include="ReportGenerator\DrawBox.h">
      <Filter>헤더 파일</Filter>
    </ClInclude>
    <ClInclude Include="ReportGenerator\DrawEllipse.h">
      <Filter>헤더 파일</Filter>
    </ClInclude>
    <ClInclude Include="ReportGenerator\DrawField.h">
      <Filter>헤더 파일</Filter>
    </ClInclude>
    <ClInclude Include="ReportGenerator\DrawGrid.h">
      <Filter>헤더 파일</Filter>
    </ClInclude>
    <ClInclude Include="ReportGenerator\DrawLabel.h">
      <Filter>헤더 파일</Filter>
    </ClInclude>
    <ClInclude Include="ReportGenerator\DrawLine.h">
      <Filter>헤더 파일</Filter>
    </ClInclude>
    <ClInclude Include="ReportGenerator\DrawObject.h">
      <Filter>헤더 파일</Filter>
    </ClInclude>
    <ClInclude Include="ReportGenerator\DrawPicture.h">
      <Filter>헤더 파일</Filter>
    </ClInclude>
    <ClInclude Include="EA_AnalzeManager.h">
      <Filter>헤더 파일</Filter>
    </ClInclude>
    <ClInclude Include="EA_Nystagmus.h">
      <Filter>헤더 파일</Filter>
    </ClInclude>
    <ClInclude Include="ED_AppOption.h">
      <Filter>헤더 파일</Filter>
    </ClInclude>
    <ClInclude Include="ED_EyeInfo.h">
      <Filter>헤더 파일</Filter>
    </ClInclude>
    <ClInclude Include="ED_PatientInfo.h">
      <Filter>헤더 파일</Filter>
    </ClInclude>
    <ClInclude Include="ED_rptMaker.h">
      <Filter>헤더 파일</Filter>
    </ClInclude>
    <ClInclude Include="ED_TestDataAcc.h">
      <Filter>헤더 파일</Filter>
    </ClInclude>
    <ClInclude Include="ED_TestDataBinocular.h">
      <Filter>헤더 파일</Filter>
    </ClInclude>
    <ClInclude Include="ED_TestDataMonocular.h">
      <Filter>헤더 파일</Filter>
    </ClInclude>
    <ClInclude Include="ED_TestInfo.h">
      <Filter>헤더 파일</Filter>
    </ClInclude>
    <ClInclude Include="ED_TestProtocole.h">
      <Filter>헤더 파일</Filter>
    </ClInclude>
    <ClInclude Include="ED_TreeSearch.h">
      <Filter>헤더 파일</Filter>
    </ClInclude>
    <ClInclude Include="EnumerateSerial.h">
      <Filter>헤더 파일</Filter>
    </ClInclude>
    <ClInclude Include="EU_QueEyeInfos.h">
      <Filter>헤더 파일</Filter>
    </ClInclude>
    <ClInclude Include="EU_TestFile.h">
      <Filter>헤더 파일</Filter>
    </ClInclude>
    <ClInclude Include="EU_TestFileV2.h">
      <Filter>헤더 파일</Filter>
    </ClInclude>
    <ClInclude Include="tchart\export.h">
      <Filter>헤더 파일</Filter>
    </ClInclude>
    <ClInclude Include="tchart\fastlineseries.h">
      <Filter>헤더 파일</Filter>
    </ClInclude>
    <ClInclude Include="ReportGenerator\FieldFactory.h">
      <Filter>헤더 파일</Filter>
    </ClInclude>
    <ClInclude Include="ListCtrlEx\HeaderCtrlEx.h">
      <Filter>헤더 파일</Filter>
    </ClInclude>
    <ClInclude Include="ImageDisplay.h">
      <Filter>헤더 파일</Filter>
    </ClInclude>
    <ClInclude Include="includeTChart.h">
      <Filter>헤더 파일</Filter>
    </ClInclude>
    <ClInclude Include="tchart\legend.h">
      <Filter>헤더 파일</Filter>
    </ClInclude>
    <ClInclude Include="tchart\legenditem.h">
      <Filter>헤더 파일</Filter>
    </ClInclude>
    <ClInclude Include="tchart\legenditems.h">
      <Filter>헤더 파일</Filter>
    </ClInclude>
    <ClInclude Include="tchart\lineseries.h">
      <Filter>헤더 파일</Filter>
    </ClInclude>
    <ClInclude Include="ListCtrlEx\ListCtrlEx.h">
      <Filter>헤더 파일</Filter>
    </ClInclude>
    <ClInclude Include="tchart\marks.h">
      <Filter>헤더 파일</Filter>
    </ClInclude>
    <ClInclude Include="tchart\nearesttool.h">
      <Filter>헤더 파일</Filter>
    </ClInclude>
    <ClInclude Include="tchart\panel.h">
      <Filter>헤더 파일</Filter>
    </ClInclude>
    <ClInclude Include="PbmQue.h">
      <Filter>헤더 파일</Filter>
    </ClInclude>
    <ClInclude Include="tchart\pen.h">
      <Filter>헤더 파일</Filter>
    </ClInclude>
    <ClInclude Include="tchart\pointer.h">
      <Filter>헤더 파일</Filter>
    </ClInclude>
    <ClInclude Include="tchart\pointseries.h">
      <Filter>헤더 파일</Filter>
    </ClInclude>
    <ClInclude Include="PTCamera.h">
      <Filter>헤더 파일</Filter>
    </ClInclude>
    <ClInclude Include="tchart\rectangletool.h">
      <Filter>헤더 파일</Filter>
    </ClInclude>
    <ClInclude Include="ReportGenerator\ReportGenerator.h">
      <Filter>헤더 파일</Filter>
    </ClInclude>
    <ClInclude Include="Resource.h">
      <Filter>헤더 파일</Filter>
    </ClInclude>
    <ClInclude Include="tchart\scroll.h">
      <Filter>헤더 파일</Filter>
    </ClInclude>
    <ClInclude Include="tchart\series.h">
      <Filter>헤더 파일</Filter>
    </ClInclude>
    <ClInclude Include="tchart\shapeseries.h">
      <Filter>헤더 파일</Filter>
    </ClInclude>
    <ClInclude Include="SMEye.h">
      <Filter>헤더 파일</Filter>
    </ClInclude>
    <ClInclude Include="SMEyeApp.h">
      <Filter>헤더 파일</Filter>
    </ClInclude>
    <ClInclude Include="SMEyeAppDlg.h">
      <Filter>헤더 파일</Filter>
    </ClInclude>
    <ClInclude Include="stdafx.h">
      <Filter>헤더 파일</Filter>
    </ClInclude>
    <ClInclude Include="StereoCam.h">
      <Filter>헤더 파일</Filter>
    </ClInclude>
    <ClInclude Include="ReportGenerator\StringHelpers.h">
      <Filter>헤더 파일</Filter>
    </ClInclude>
    <ClInclude Include="tchart\strings.h">
      <Filter>헤더 파일</Filter>
    </ClInclude>
    <ClInclude Include="tchart\tchart.h">
      <Filter>헤더 파일</Filter>
    </ClInclude>
    <ClInclude Include="tchart_horizontal.h">
      <Filter>헤더 파일</Filter>
    </ClInclude>
    <ClInclude Include="ReportGenerator\TContainer.h">
      <Filter>헤더 파일</Filter>
    </ClInclude>
    <ClInclude Include="tchart\TeeChartDefines.h">
      <Filter>헤더 파일</Filter>
    </ClInclude>
    <ClInclude Include="tchart\teefont.h">
      <Filter>헤더 파일</Filter>
    </ClInclude>
    <ClInclude Include="tchart\teepoint2d.h">
      <Filter>헤더 파일</Filter>
    </ClInclude>
    <ClInclude Include="tchart\teeshadow.h">
      <Filter>헤더 파일</Filter>
    </ClInclude>
    <ClInclude Include="tchart\teeshapepanel.h">
      <Filter>헤더 파일</Filter>
    </ClInclude>
    <ClInclude Include="ReportGenerator\TextFile\TextFile.h">
      <Filter>헤더 파일</Filter>
    </ClInclude>
    <ClInclude Include="tinyXML\tinystr.h">
      <Filter>헤더 파일</Filter>
    </ClInclude>
    <ClInclude Include="tinyXML\tinyxml.h">
      <Filter>헤더 파일</Filter>
    </ClInclude>
    <ClInclude Include="tchart\titles.h">
      <Filter>헤더 파일</Filter>
    </ClInclude>
    <ClInclude Include="ReportGenerator\Tokenizer.h">
      <Filter>헤더 파일</Filter>
    </ClInclude>
    <ClInclude Include="tchart\toollist.h">
      <Filter>헤더 파일</Filter>
    </ClInclude>
    <ClInclude Include="tchart\tools.h">
      <Filter>헤더 파일</Filter>
    </ClInclude>
    <ClInclude Include="TreeCtrlXML.h">
      <Filter>헤더 파일</Filter>
    </ClInclude>
    <ClInclude Include="ReportGenerator\UnitConversion.h">
      <Filter>헤더 파일</Filter>
    </ClInclude>
    <ClInclude Include="tchart\valuelist.h">
      <Filter>헤더 파일</Filter>
    </ClInclude>
    <ClInclude Include="tchart\valuelists.h">
      <Filter>헤더 파일</Filter>
    </ClInclude>
    <ClInclude Include="tchart\zoom.h">
      <Filter>헤더 파일</Filter>
    </ClInclude>
  </ItemGroup>
  <ItemGroup>
    <None Include="res\SMEyeApp.ico">
      <Filter>리소스 파일</Filter>
    </None>
    <None Include="res\SMEyeApp.rc2">
      <Filter>리소스 파일</Filter>
    </None>
    <None Include="DlgSubjectInfo.htm" />
    <None Include="ReadMe.txt" />
  </ItemGroup>
  <ItemGroup>
    <ResourceCompile Include="SMEyeApp.rc">
      <Filter>리소스 파일</Filter>
    </ResourceCompile>
  </ItemGroup>
  <ItemGroup>
    <Manifest Include="res\SMEyeApp.manifest" />
  </ItemGroup>
</Project>